// !$*UTF8*$!
{
	archiveVersion = 1;
	classes = {
	};
	objectVersion = 56;
	objects = {

/* Begin PBXBuildFile section */
		9A4200412920E8EC00B43AFA /* TwoColumnView.swift in Sources */ = {isa = PBXBuildFile; fileRef = 9A4200402920E8EC00B43AFA /* TwoColumnView.swift */; };
		9A4200432920E8FD00B43AFA /* ThreeColumnView.swift in Sources */ = {isa = PBXBuildFile; fileRef = 9A4200422920E8FD00B43AFA /* ThreeColumnView.swift */; };
		9A7E93122920C54A00CFE1CA /* EmployeeNavigationSplitViewAppApp.swift in Sources */ = {isa = PBXBuildFile; fileRef = 9A7E93112920C54A00CFE1CA /* EmployeeNavigationSplitViewAppApp.swift */; };
		9A7E93142920C54A00CFE1CA /* ContentView.swift in Sources */ = {isa = PBXBuildFile; fileRef = 9A7E93132920C54A00CFE1CA /* ContentView.swift */; };
		9A7E93162920C54B00CFE1CA /* Assets.xcassets in Resources */ = {isa = PBXBuildFile; fileRef = 9A7E93152920C54B00CFE1CA /* Assets.xcassets */; };
		9A7E931A2920C54B00CFE1CA /* Preview Assets.xcassets in Resources */ = {isa = PBXBuildFile; fileRef = 9A7E93192920C54B00CFE1CA /* Preview Assets.xcassets */; };
		9A81D6412924AE4300DA276B /* ThreeColumnVisibilityView.swift in Sources */ = {isa = PBXBuildFile; fileRef = 9A81D6402924AE4300DA276B /* ThreeColumnVisibilityView.swift */; };
		9A81D6432924B2C400DA276B /* ThreeColumnDepartmentView.swift in Sources */ = {isa = PBXBuildFile; fileRef = 9A81D6422924B2C400DA276B /* ThreeColumnDepartmentView.swift */; };
		9A81D6452924B2D700DA276B /* ThreeColumnSingleView.swift in Sources */ = {isa = PBXBuildFile; fileRef = 9A81D6442924B2D700DA276B /* ThreeColumnSingleView.swift */; };
/* End PBXBuildFile section */

/* Begin PBXFileReference section */
		9A4200402920E8EC00B43AFA /* TwoColumnView.swift */ = {isa = PBXFileReference; lastKnownFileType = sourcecode.swift; path = TwoColumnView.swift; sourceTree = "<group>"; };
		9A4200422920E8FD00B43AFA /* ThreeColumnView.swift */ = {isa = PBXFileReference; lastKnownFileType = sourcecode.swift; path = ThreeColumnView.swift; sourceTree = "<group>"; };
		9A7E930E2920C54A00CFE1CA /* EmployeeNavigationSplitViewApp.app */ = {isa = PBXFileReference; explicitFileType = wrapper.application; includeInIndex = 0; path = EmployeeNavigationSplitViewApp.app; sourceTree = BUILT_PRODUCTS_DIR; };
		9A7E93112920C54A00CFE1CA /* EmployeeNavigationSplitViewAppApp.swift */ = {isa = PBXFileReference; lastKnownFileType = sourcecode.swift; path = EmployeeNavigationSplitViewAppApp.swift; sourceTree = "<group>"; };
		9A7E93132920C54A00CFE1CA /* ContentView.swift */ = {isa = PBXFileReference; lastKnownFileType = sourcecode.swift; path = ContentView.swift; sourceTree = "<group>"; };
		9A7E93152920C54B00CFE1CA /* Assets.xcassets */ = {isa = PBXFileReference; lastKnownFileType = folder.assetcatalog; path = Assets.xcassets; sourceTree = "<group>"; };
		9A7E93172920C54B00CFE1CA /* EmployeeNavigationSplitViewApp.entitlements */ = {isa = PBXFileReference; lastKnownFileType = text.plist.entitlements; path = EmployeeNavigationSplitViewApp.entitlements; sourceTree = "<group>"; };
		9A7E93192920C54B00CFE1CA /* Preview Assets.xcassets */ = {isa = PBXFileReference; lastKnownFileType = folder.assetcatalog; path = "Preview Assets.xcassets"; sourceTree = "<group>"; };
		9A81D6402924AE4300DA276B /* ThreeColumnVisibilityView.swift */ = {isa = PBXFileReference; lastKnownFileType = sourcecode.swift; path = ThreeColumnVisibilityView.swift; sourceTree = "<group>"; };
		9A81D6422924B2C400DA276B /* ThreeColumnDepartmentView.swift */ = {isa = PBXFileReference; lastKnownFileType = sourcecode.swift; path = ThreeColumnDepartmentView.swift; sourceTree = "<group>"; };
		9A81D6442924B2D700DA276B /* ThreeColumnSingleView.swift */ = {isa = PBXFileReference; lastKnownFileType = sourcecode.swift; path = ThreeColumnSingleView.swift; sourceTree = "<group>"; };
/* End PBXFileReference section */

/* Begin PBXFrameworksBuildPhase section */
		9A7E930B2920C54A00CFE1CA /* Frameworks */ = {
			isa = PBXFrameworksBuildPhase;
			buildActionMask = 2147483647;
			files = (
			);
			runOnlyForDeploymentPostprocessing = 0;
		};
/* End PBXFrameworksBuildPhase section */

/* Begin PBXGroup section */
		9A7E93052920C54A00CFE1CA = {
			isa = PBXGroup;
			children = (
				9A7E93102920C54A00CFE1CA /* EmployeeNavigationSplitViewApp */,
				9A7E930F2920C54A00CFE1CA /* Products */,
			);
			sourceTree = "<group>";
		};
		9A7E930F2920C54A00CFE1CA /* Products */ = {
			isa = PBXGroup;
			children = (
				9A7E930E2920C54A00CFE1CA /* EmployeeNavigationSplitViewApp.app */,
			);
			name = Products;
			sourceTree = "<group>";
		};
		9A7E93102920C54A00CFE1CA /* EmployeeNavigationSplitViewApp */ = {
			isa = PBXGroup;
			children = (
				9A7E93112920C54A00CFE1CA /* EmployeeNavigationSplitViewAppApp.swift */,
				9A7E93132920C54A00CFE1CA /* ContentView.swift */,
				9A4200402920E8EC00B43AFA /* TwoColumnView.swift */,
				9A4200422920E8FD00B43AFA /* ThreeColumnView.swift */,
				9A81D6402924AE4300DA276B /* ThreeColumnVisibilityView.swift */,
				9A81D6422924B2C400DA276B /* ThreeColumnDepartmentView.swift */,
				9A81D6442924B2D700DA276B /* ThreeColumnSingleView.swift */,
				9A7E93152920C54B00CFE1CA /* Assets.xcassets */,
				9A7E93172920C54B00CFE1CA /* EmployeeNavigationSplitViewApp.entitlements */,
				9A7E93182920C54B00CFE1CA /* Preview Content */,
			);
			path = EmployeeNavigationSplitViewApp;
			sourceTree = "<group>";
		};
		9A7E93182920C54B00CFE1CA /* Preview Content */ = {
			isa = PBXGroup;
			children = (
				9A7E93192920C54B00CFE1CA /* Preview Assets.xcassets */,
			);
			path = "Preview Content";
			sourceTree = "<group>";
		};
/* End PBXGroup section */

/* Begin PBXNativeTarget section */
		9A7E930D2920C54A00CFE1CA /* EmployeeNavigationSplitViewApp */ = {
			isa = PBXNativeTarget;
			buildConfigurationList = 9A7E931D2920C54B00CFE1CA /* Build configuration list for PBXNativeTarget "EmployeeNavigationSplitViewApp" */;
			buildPhases = (
				9A7E930A2920C54A00CFE1CA /* Sources */,
				9A7E930B2920C54A00CFE1CA /* Frameworks */,
				9A7E930C2920C54A00CFE1CA /* Resources */,
			);
			buildRules = (
			);
			dependencies = (
			);
			name = EmployeeNavigationSplitViewApp;
			productName = EmployeeNavigationSplitViewApp;
			productReference = 9A7E930E2920C54A00CFE1CA /* EmployeeNavigationSplitViewApp.app */;
			productType = "com.apple.product-type.application";
		};
/* End PBXNativeTarget section */

/* Begin PBXProject section */
		9A7E93062920C54A00CFE1CA /* Project object */ = {
			isa = PBXProject;
			attributes = {
				BuildIndependentTargetsInParallel = 1;
				LastSwiftUpdateCheck = 1410;
				LastUpgradeCheck = 1410;
				TargetAttributes = {
					9A7E930D2920C54A00CFE1CA = {
						CreatedOnToolsVersion = 14.1;
					};
				};
			};
			buildConfigurationList = 9A7E93092920C54A00CFE1CA /* Build configuration list for PBXProject "EmployeeNavigationSplitViewApp" */;
			compatibilityVersion = "Xcode 14.0";
			developmentRegion = en;
			hasScannedForEncodings = 0;
			knownRegions = (
				en,
				Base,
			);
			mainGroup = 9A7E93052920C54A00CFE1CA;
			productRefGroup = 9A7E930F2920C54A00CFE1CA /* Products */;
			projectDirPath = "";
			projectRoot = "";
			targets = (
				9A7E930D2920C54A00CFE1CA /* EmployeeNavigationSplitViewApp */,
			);
		};
/* End PBXProject section */

/* Begin PBXResourcesBuildPhase section */
		9A7E930C2920C54A00CFE1CA /* Resources */ = {
			isa = PBXResourcesBuildPhase;
			buildActionMask = 2147483647;
			files = (
				9A7E931A2920C54B00CFE1CA /* Preview Assets.xcassets in Resources */,
				9A7E93162920C54B00CFE1CA /* Assets.xcassets in Resources */,
			);
			runOnlyForDeploymentPostprocessing = 0;
		};
/* End PBXResourcesBuildPhase section */

/* Begin PBXSourcesBuildPhase section */
		9A7E930A2920C54A00CFE1CA /* Sources */ = {
			isa = PBXSourcesBuildPhase;
			buildActionMask = 2147483647;
			files = (
				9A7E93142920C54A00CFE1CA /* ContentView.swift in Sources */,
				9A81D6452924B2D700DA276B /* ThreeColumnSingleView.swift in Sources */,
				9A81D6412924AE4300DA276B /* ThreeColumnVisibilityView.swift in Sources */,
				9A81D6432924B2C400DA276B /* ThreeColumnDepartmentView.swift in Sources */,
				9A4200432920E8FD00B43AFA /* ThreeColumnView.swift in Sources */,
				9A4200412920E8EC00B43AFA /* TwoColumnView.swift in Sources */,
				9A7E93122920C54A00CFE1CA /* EmployeeNavigationSplitViewAppApp.swift in Sources */,
			);
			runOnlyForDeploymentPostprocessing = 0;
		};
/* End PBXSourcesBuildPhase section */

/* Begin XCBuildConfiguration section */
		9A7E931B2920C54B00CFE1CA /* Debug */ = {
			isa = XCBuildConfiguration;
			buildSettings = {
				ALWAYS_SEARCH_USER_PATHS = NO;
				CLANG_ANALYZER_NONNULL = YES;
				CLANG_ANALYZER_NUMBER_OBJECT_CONVERSION = YES_AGGRESSIVE;
				CLANG_CXX_LANGUAGE_STANDARD = "gnu++20";
				CLANG_ENABLE_MODULES = YES;
				CLANG_ENABLE_OBJC_ARC = YES;
				CLANG_ENABLE_OBJC_WEAK = YES;
				CLANG_WARN_BLOCK_CAPTURE_AUTORELEASING = YES;
				CLANG_WARN_BOOL_CONVERSION = YES;
				CLANG_WARN_COMMA = YES;
				CLANG_WARN_CONSTANT_CONVERSION = YES;
				CLANG_WARN_DEPRECATED_OBJC_IMPLEMENTATIONS = YES;
				CLANG_WARN_DIRECT_OBJC_ISA_USAGE = YES_ERROR;
				CLANG_WARN_DOCUMENTATION_COMMENTS = YES;
				CLANG_WARN_EMPTY_BODY = YES;
				CLANG_WARN_ENUM_CONVERSION = YES;
				CLANG_WARN_INFINITE_RECURSION = YES;
				CLANG_WARN_INT_CONVERSION = YES;
				CLANG_WARN_NON_LITERAL_NULL_CONVERSION = YES;
				CLANG_WARN_OBJC_IMPLICIT_RETAIN_SELF = YES;
				CLANG_WARN_OBJC_LITERAL_CONVERSION = YES;
				CLANG_WARN_OBJC_ROOT_CLASS = YES_ERROR;
				CLANG_WARN_QUOTED_INCLUDE_IN_FRAMEWORK_HEADER = YES;
				CLANG_WARN_RANGE_LOOP_ANALYSIS = YES;
				CLANG_WARN_STRICT_PROTOTYPES = YES;
				CLANG_WARN_SUSPICIOUS_MOVE = YES;
				CLANG_WARN_UNGUARDED_AVAILABILITY = YES_AGGRESSIVE;
				CLANG_WARN_UNREACHABLE_CODE = YES;
				CLANG_WARN__DUPLICATE_METHOD_MATCH = YES;
				COPY_PHASE_STRIP = NO;
				DEBUG_INFORMATION_FORMAT = dwarf;
				ENABLE_STRICT_OBJC_MSGSEND = YES;
				ENABLE_TESTABILITY = YES;
				GCC_C_LANGUAGE_STANDARD = gnu11;
				GCC_DYNAMIC_NO_PIC = NO;
				GCC_NO_COMMON_BLOCKS = YES;
				GCC_OPTIMIZATION_LEVEL = 0;
				GCC_PREPROCESSOR_DEFINITIONS = (
					"DEBUG=1",
					"$(inherited)",
				);
				GCC_WARN_64_TO_32_BIT_CONVERSION = YES;
				GCC_WARN_ABOUT_RETURN_TYPE = YES_ERROR;
				GCC_WARN_UNDECLARED_SELECTOR = YES;
				GCC_WARN_UNINITIALIZED_AUTOS = YES_AGGRESSIVE;
				GCC_WARN_UNUSED_FUNCTION = YES;
				GCC_WARN_UNUSED_VARIABLE = YES;
				MTL_ENABLE_DEBUG_INFO = INCLUDE_SOURCE;
				MTL_FAST_MATH = YES;
				ONLY_ACTIVE_ARCH = YES;
				SWIFT_ACTIVE_COMPILATION_CONDITIONS = DEBUG;
				SWIFT_OPTIMIZATION_LEVEL = "-Onone";
			};
			name = Debug;
		};
		9A7E931C2920C54B00CFE1CA /* Release */ = {
			isa = XCBuildConfiguration;
			buildSettings = {
				ALWAYS_SEARCH_USER_PATHS = NO;
				CLANG_ANALYZER_NONNULL = YES;
				CLANG_ANALYZER_NUMBER_OBJECT_CONVERSION = YES_AGGRESSIVE;
				CLANG_CXX_LANGUAGE_STANDARD = "gnu++20";
				CLANG_ENABLE_MODULES = YES;
				CLANG_ENABLE_OBJC_ARC = YES;
				CLANG_ENABLE_OBJC_WEAK = YES;
				CLANG_WARN_BLOCK_CAPTURE_AUTORELEASING = YES;
				CLANG_WARN_BOOL_CONVERSION = YES;
				CLANG_WARN_COMMA = YES;
				CLANG_WARN_CONSTANT_CONVERSION = YES;
				CLANG_WARN_DEPRECATED_OBJC_IMPLEMENTATIONS = YES;
				CLANG_WARN_DIRECT_OBJC_ISA_USAGE = YES_ERROR;
				CLANG_WARN_DOCUMENTATION_COMMENTS = YES;
				CLANG_WARN_EMPTY_BODY = YES;
				CLANG_WARN_ENUM_CONVERSION = YES;
				CLANG_WARN_INFINITE_RECURSION = YES;
				CLANG_WARN_INT_CONVERSION = YES;
				CLANG_WARN_NON_LITERAL_NULL_CONVERSION = YES;
				CLANG_WARN_OBJC_IMPLICIT_RETAIN_SELF = YES;
				CLANG_WARN_OBJC_LITERAL_CONVERSION = YES;
				CLANG_WARN_OBJC_ROOT_CLASS = YES_ERROR;
				CLANG_WARN_QUOTED_INCLUDE_IN_FRAMEWORK_HEADER = YES;
				CLANG_WARN_RANGE_LOOP_ANALYSIS = YES;
				CLANG_WARN_STRICT_PROTOTYPES = YES;
				CLANG_WARN_SUSPICIOUS_MOVE = YES;
				CLANG_WARN_UNGUARDED_AVAILABILITY = YES_AGGRESSIVE;
				CLANG_WARN_UNREACHABLE_CODE = YES;
				CLANG_WARN__DUPLICATE_METHOD_MATCH = YES;
				COPY_PHASE_STRIP = NO;
				DEBUG_INFORMATION_FORMAT = "dwarf-with-dsym";
				ENABLE_NS_ASSERTIONS = NO;
				ENABLE_STRICT_OBJC_MSGSEND = YES;
				GCC_C_LANGUAGE_STANDARD = gnu11;
				GCC_NO_COMMON_BLOCKS = YES;
				GCC_WARN_64_TO_32_BIT_CONVERSION = YES;
				GCC_WARN_ABOUT_RETURN_TYPE = YES_ERROR;
				GCC_WARN_UNDECLARED_SELECTOR = YES;
				GCC_WARN_UNINITIALIZED_AUTOS = YES_AGGRESSIVE;
				GCC_WARN_UNUSED_FUNCTION = YES;
				GCC_WARN_UNUSED_VARIABLE = YES;
				MTL_ENABLE_DEBUG_INFO = NO;
				MTL_FAST_MATH = YES;
				SWIFT_COMPILATION_MODE = wholemodule;
				SWIFT_OPTIMIZATION_LEVEL = "-O";
			};
			name = Release;
		};
		9A7E931E2920C54B00CFE1CA /* Debug */ = {
			isa = XCBuildConfiguration;
			buildSettings = {
				ASSETCATALOG_COMPILER_APPICON_NAME = AppIcon;
				ASSETCATALOG_COMPILER_GLOBAL_ACCENT_COLOR_NAME = AccentColor;
				CODE_SIGN_ENTITLEMENTS = EmployeeNavigationSplitViewApp/EmployeeNavigationSplitViewApp.entitlements;
				CODE_SIGN_STYLE = Automatic;
				CURRENT_PROJECT_VERSION = 1;
				DEVELOPMENT_ASSET_PATHS = "\"EmployeeNavigationSplitViewApp/Preview Content\"";
				DEVELOPMENT_TEAM = 7FSGPFARH4;
				ENABLE_HARDENED_RUNTIME = YES;
				ENABLE_PREVIEWS = YES;
				GENERATE_INFOPLIST_FILE = YES;
				"INFOPLIST_KEY_UIApplicationSceneManifest_Generation[sdk=iphoneos*]" = YES;
				"INFOPLIST_KEY_UIApplicationSceneManifest_Generation[sdk=iphonesimulator*]" = YES;
				"INFOPLIST_KEY_UIApplicationSupportsIndirectInputEvents[sdk=iphoneos*]" = YES;
				"INFOPLIST_KEY_UIApplicationSupportsIndirectInputEvents[sdk=iphonesimulator*]" = YES;
				"INFOPLIST_KEY_UILaunchScreen_Generation[sdk=iphoneos*]" = YES;
				"INFOPLIST_KEY_UILaunchScreen_Generation[sdk=iphonesimulator*]" = YES;
				"INFOPLIST_KEY_UIStatusBarStyle[sdk=iphoneos*]" = UIStatusBarStyleDefault;
				"INFOPLIST_KEY_UIStatusBarStyle[sdk=iphonesimulator*]" = UIStatusBarStyleDefault;
				INFOPLIST_KEY_UISupportedInterfaceOrientations_iPad = "UIInterfaceOrientationPortrait UIInterfaceOrientationPortraitUpsideDown UIInterfaceOrientationLandscapeLeft UIInterfaceOrientationLandscapeRight";
				INFOPLIST_KEY_UISupportedInterfaceOrientations_iPhone = "UIInterfaceOrientationPortrait UIInterfaceOrientationLandscapeLeft UIInterfaceOrientationLandscapeRight";
				IPHONEOS_DEPLOYMENT_TARGET = 16.1;
				LD_RUNPATH_SEARCH_PATHS = "@executable_path/Frameworks";
				"LD_RUNPATH_SEARCH_PATHS[sdk=macosx*]" = "@executable_path/../Frameworks";
				MACOSX_DEPLOYMENT_TARGET = 13.0;
				MARKETING_VERSION = 1.0;
				PRODUCT_BUNDLE_IDENTIFIER = com.swdevnotes.EmployeeNavigationSplitViewApp;
				PRODUCT_NAME = "$(TARGET_NAME)";
				SDKROOT = auto;
				SUPPORTED_PLATFORMS = "iphoneos iphonesimulator macosx";
				SWIFT_EMIT_LOC_STRINGS = YES;
				SWIFT_VERSION = 5.0;
				TARGETED_DEVICE_FAMILY = "1,2";
			};
			name = Debug;
		};
		9A7E931F2920C54B00CFE1CA /* Release */ = {
			isa = XCBuildConfiguration;
			buildSettings = {
				ASSETCATALOG_COMPILER_APPICON_NAME = AppIcon;
				ASSETCATALOG_COMPILER_GLOBAL_ACCENT_COLOR_NAME = AccentColor;
				CODE_SIGN_ENTITLEMENTS = EmployeeNavigationSplitViewApp/EmployeeNavigationSplitViewApp.entitlements;
				CODE_SIGN_STYLE = Automatic;
				CURRENT_PROJECT_VERSION = 1;
				DEVELOPMENT_ASSET_PATHS = "\"EmployeeNavigationSplitViewApp/Preview Content\"";
				DEVELOPMENT_TEAM = 7FSGPFARH4;
				ENABLE_HARDENED_RUNTIME = YES;
				ENABLE_PREVIEWS = YES;
				GENERATE_INFOPLIST_FILE = YES;
				"INFOPLIST_KEY_UIApplicationSceneManifest_Generation[sdk=iphoneos*]" = YES;
				"INFOPLIST_KEY_UIApplicationSceneManifest_Generation[sdk=iphonesimulator*]" = YES;
				"INFOPLIST_KEY_UIApplicationSupportsIndirectInputEvents[sdk=iphoneos*]" = YES;
				"INFOPLIST_KEY_UIApplicationSupportsIndirectInputEvents[sdk=iphonesimulator*]" = YES;
				"INFOPLIST_KEY_UILaunchScreen_Generation[sdk=iphoneos*]" = YES;
				"INFOPLIST_KEY_UILaunchScreen_Generation[sdk=iphonesimulator*]" = YES;
				"INFOPLIST_KEY_UIStatusBarStyle[sdk=iphoneos*]" = UIStatusBarStyleDefault;
				"INFOPLIST_KEY_UIStatusBarStyle[sdk=iphonesimulator*]" = UIStatusBarStyleDefault;
				INFOPLIST_KEY_UISupportedInterfaceOrientations_iPad = "UIInterfaceOrientationPortrait UIInterfaceOrientationPortraitUpsideDown UIInterfaceOrientationLandscapeLeft UIInterfaceOrientationLandscapeRight";
				INFOPLIST_KEY_UISupportedInterfaceOrientations_iPhone = "UIInterfaceOrientationPortrait UIInterfaceOrientationLandscapeLeft UIInterfaceOrientationLandscapeRight";
				IPHONEOS_DEPLOYMENT_TARGET = 16.1;
				LD_RUNPATH_SEARCH_PATHS = "@executable_path/Frameworks";
				"LD_RUNPATH_SEARCH_PATHS[sdk=macosx*]" = "@executable_path/../Frameworks";
				MACOSX_DEPLOYMENT_TARGET = 13.0;
				MARKETING_VERSION = 1.0;
				PRODUCT_BUNDLE_IDENTIFIER = com.swdevnotes.EmployeeNavigationSplitViewApp;
				PRODUCT_NAME = "$(TARGET_NAME)";
				SDKROOT = auto;
				SUPPORTED_PLATFORMS = "iphoneos iphonesimulator macosx";
				SWIFT_EMIT_LOC_STRINGS = YES;
				SWIFT_VERSION = 5.0;
				TARGETED_DEVICE_FAMILY = "1,2";
			};
			name = Release;
		};
/* End XCBuildConfiguration section */

/* Begin XCConfigurationList section */
		9A7E93092920C54A00CFE1CA /* Build configuration list for PBXProject "EmployeeNavigationSplitViewApp" */ = {
			isa = XCConfigurationList;
			buildConfigurations = (
				9A7E931B2920C54B00CFE1CA /* Debug */,
				9A7E931C2920C54B00CFE1CA /* Release */,
			);
			defaultConfigurationIsVisible = 0;
			defaultConfigurationName = Release;
		};
		9A7E931D2920C54B00CFE1CA /* Build configuration list for PBXNativeTarget "EmployeeNavigationSplitViewApp" */ = {
			isa = XCConfigurationList;
			buildConfigurations = (
				9A7E931E2920C54B00CFE1CA /* Debug */,
				9A7E931F2920C54B00CFE1CA /* Release */,
			);
			defaultConfigurationIsVisible = 0;
			defaultConfigurationName = Release;
		};
/* End XCConfigurationList section */
	};
	rootObject = 9A7E93062920C54A00CFE1CA /* Project object */;
}
