// !$*UTF8*$!
{
	archiveVersion = 1;
	classes = {
	};
	objectVersion = 56;
	objects = {

/* Begin PBXBuildFile section */
		9A20AEAA2A0D1583007F9888 /* ColorPencilsAppApp.swift in Sources */ = {isa = PBXBuildFile; fileRef = 9A20AEA92A0D1583007F9888 /* ColorPencilsAppApp.swift */; };
		9A20AEAC2A0D1583007F9888 /* ContentView.swift in Sources */ = {isa = PBXBuildFile; fileRef = 9A20AEAB2A0D1583007F9888 /* ContentView.swift */; };
		9A20AEAE2A0D1584007F9888 /* Assets.xcassets in Resources */ = {isa = PBXBuildFile; fileRef = 9A20AEAD2A0D1584007F9888 /* Assets.xcassets */; };
		9A20AEB12A0D1584007F9888 /* Preview Assets.xcassets in Resources */ = {isa = PBXBuildFile; fileRef = 9A20AEB02A0D1584007F9888 /* Preview Assets.xcassets */; };
		9A20AEB82A0D1599007F9888 /* GrayPencilView.swift in Sources */ = {isa = PBXBuildFile; fileRef = 9A20AEB72A0D1599007F9888 /* GrayPencilView.swift */; };
		9A20AEBA2A0D159C007F9888 /* BluePencilView.swift in Sources */ = {isa = PBXBuildFile; fileRef = 9A20AEB92A0D159C007F9888 /* BluePencilView.swift */; };
		9A20AEBC2A0D15A0007F9888 /* BlueGradientPencilView.swift in Sources */ = {isa = PBXBuildFile; fileRef = 9A20AEBB2A0D15A0007F9888 /* BlueGradientPencilView.swift */; };
		9A20AEBE2A0D15A3007F9888 /* ColorPencilSetView.swift in Sources */ = {isa = PBXBuildFile; fileRef = 9A20AEBD2A0D15A3007F9888 /* ColorPencilSetView.swift */; };
		9A20AECA2A0D15B9007F9888 /* ThumbView.swift in Sources */ = {isa = PBXBuildFile; fileRef = 9A20AEC92A0D15B9007F9888 /* ThumbView.swift */; };
/* End PBXBuildFile section */

/* Begin PBXFileReference section */
		9A20AEA62A0D1583007F9888 /* ColorPencilsApp.app */ = {isa = PBXFileReference; explicitFileType = wrapper.application; includeInIndex = 0; path = ColorPencilsApp.app; sourceTree = BUILT_PRODUCTS_DIR; };
		9A20AEA92A0D1583007F9888 /* ColorPencilsAppApp.swift */ = {isa = PBXFileReference; lastKnownFileType = sourcecode.swift; path = ColorPencilsAppApp.swift; sourceTree = "<group>"; };
		9A20AEAB2A0D1583007F9888 /* ContentView.swift */ = {isa = PBXFileReference; lastKnownFileType = sourcecode.swift; path = ContentView.swift; sourceTree = "<group>"; };
		9A20AEAD2A0D1584007F9888 /* Assets.xcassets */ = {isa = PBXFileReference; lastKnownFileType = folder.assetcatalog; path = Assets.xcassets; sourceTree = "<group>"; };
		9A20AEB02A0D1584007F9888 /* Preview Assets.xcassets */ = {isa = PBXFileReference; lastKnownFileType = folder.assetcatalog; path = "Preview Assets.xcassets"; sourceTree = "<group>"; };
		9A20AEB72A0D1599007F9888 /* GrayPencilView.swift */ = {isa = PBXFileReference; lastKnownFileType = sourcecode.swift; path = GrayPencilView.swift; sourceTree = "<group>"; };
		9A20AEB92A0D159C007F9888 /* BluePencilView.swift */ = {isa = PBXFileReference; lastKnownFileType = sourcecode.swift; path = BluePencilView.swift; sourceTree = "<group>"; };
		9A20AEBB2A0D15A0007F9888 /* BlueGradientPencilView.swift */ = {isa = PBXFileReference; lastKnownFileType = sourcecode.swift; path = BlueGradientPencilView.swift; sourceTree = "<group>"; };
		9A20AEBD2A0D15A3007F9888 /* ColorPencilSetView.swift */ = {isa = PBXFileReference; lastKnownFileType = sourcecode.swift; path = ColorPencilSetView.swift; sourceTree = "<group>"; };
		9A20AEC92A0D15B9007F9888 /* ThumbView.swift */ = {isa = PBXFileReference; lastKnownFileType = sourcecode.swift; path = ThumbView.swift; sourceTree = "<group>"; };
/* End PBXFileReference section */

/* Begin PBXFrameworksBuildPhase section */
		9A20AEA32A0D1583007F9888 /* Frameworks */ = {
			isa = PBXFrameworksBuildPhase;
			buildActionMask = 2147483647;
			files = (
			);
			runOnlyForDeploymentPostprocessing = 0;
		};
/* End PBXFrameworksBuildPhase section */

/* Begin PBXGroup section */
		9A20AE9D2A0D1583007F9888 = {
			isa = PBXGroup;
			children = (
				9A20AEA82A0D1583007F9888 /* ColorPencilsApp */,
				9A20AEA72A0D1583007F9888 /* Products */,
			);
			sourceTree = "<group>";
		};
		9A20AEA72A0D1583007F9888 /* Products */ = {
			isa = PBXGroup;
			children = (
				9A20AEA62A0D1583007F9888 /* ColorPencilsApp.app */,
			);
			name = Products;
			sourceTree = "<group>";
		};
		9A20AEA82A0D1583007F9888 /* ColorPencilsApp */ = {
			isa = PBXGroup;
			children = (
				9A20AEA92A0D1583007F9888 /* ColorPencilsAppApp.swift */,
				9A20AEAB2A0D1583007F9888 /* ContentView.swift */,
				9A20AEB72A0D1599007F9888 /* GrayPencilView.swift */,
				9A20AEB92A0D159C007F9888 /* BluePencilView.swift */,
				9A20AEBB2A0D15A0007F9888 /* BlueGradientPencilView.swift */,
				9A20AEBD2A0D15A3007F9888 /* ColorPencilSetView.swift */,
				9A20AEC92A0D15B9007F9888 /* ThumbView.swift */,
				9A20AEAD2A0D1584007F9888 /* Assets.xcassets */,
				9A20AEAF2A0D1584007F9888 /* Preview Content */,
			);
			path = ColorPencilsApp;
			sourceTree = "<group>";
		};
		9A20AEAF2A0D1584007F9888 /* Preview Content */ = {
			isa = PBXGroup;
			children = (
				9A20AEB02A0D1584007F9888 /* Preview Assets.xcassets */,
			);
			path = "Preview Content";
			sourceTree = "<group>";
		};
/* End PBXGroup section */

/* Begin PBXNativeTarget section */
		9A20AEA52A0D1583007F9888 /* ColorPencilsApp */ = {
			isa = PBXNativeTarget;
			buildConfigurationList = 9A20AEB42A0D1584007F9888 /* Build configuration list for PBXNativeTarget "ColorPencilsApp" */;
			buildPhases = (
				9A20AEA22A0D1583007F9888 /* Sources */,
				9A20AEA32A0D1583007F9888 /* Frameworks */,
				9A20AEA42A0D1583007F9888 /* Resources */,
			);
			buildRules = (
			);
			dependencies = (
			);
			name = ColorPencilsApp;
			productName = ColorPencilsApp;
			productReference = 9A20AEA62A0D1583007F9888 /* ColorPencilsApp.app */;
			productType = "com.apple.product-type.application";
		};
/* End PBXNativeTarget section */

/* Begin PBXProject section */
		9A20AE9E2A0D1583007F9888 /* Project object */ = {
			isa = PBXProject;
			attributes = {
				BuildIndependentTargetsInParallel = 1;
				LastSwiftUpdateCheck = 1420;
				LastUpgradeCheck = 1420;
				TargetAttributes = {
					9A20AEA52A0D1583007F9888 = {
						CreatedOnToolsVersion = 14.2;
					};
				};
			};
			buildConfigurationList = 9A20AEA12A0D1583007F9888 /* Build configuration list for PBXProject "ColorPencilsApp" */;
			compatibilityVersion = "Xcode 14.0";
			developmentRegion = en;
			hasScannedForEncodings = 0;
			knownRegions = (
				en,
				Base,
			);
			mainGroup = 9A20AE9D2A0D1583007F9888;
			productRefGroup = 9A20AEA72A0D1583007F9888 /* Products */;
			projectDirPath = "";
			projectRoot = "";
			targets = (
				9A20AEA52A0D1583007F9888 /* ColorPencilsApp */,
			);
		};
/* End PBXProject section */

/* Begin PBXResourcesBuildPhase section */
		9A20AEA42A0D1583007F9888 /* Resources */ = {
			isa = PBXResourcesBuildPhase;
			buildActionMask = 2147483647;
			files = (
				9A20AEB12A0D1584007F9888 /* Preview Assets.xcassets in Resources */,
				9A20AEAE2A0D1584007F9888 /* Assets.xcassets in Resources */,
			);
			runOnlyForDeploymentPostprocessing = 0;
		};
/* End PBXResourcesBuildPhase section */

/* Begin PBXSourcesBuildPhase section */
		9A20AEA22A0D1583007F9888 /* Sources */ = {
			isa = PBXSourcesBuildPhase;
			buildActionMask = 2147483647;
			files = (
				9A20AEB82A0D1599007F9888 /* GrayPencilView.swift in Sources */,
				9A20AECA2A0D15B9007F9888 /* ThumbView.swift in Sources */,
				9A20AEBE2A0D15A3007F9888 /* ColorPencilSetView.swift in Sources */,
				9A20AEAC2A0D1583007F9888 /* ContentView.swift in Sources */,
				9A20AEAA2A0D1583007F9888 /* ColorPencilsAppApp.swift in Sources */,
				9A20AEBC2A0D15A0007F9888 /* BlueGradientPencilView.swift in Sources */,
				9A20AEBA2A0D159C007F9888 /* BluePencilView.swift in Sources */,
			);
			runOnlyForDeploymentPostprocessing = 0;
		};
/* End PBXSourcesBuildPhase section */

/* Begin XCBuildConfiguration section */
		9A20AEB22A0D1584007F9888 /* Debug */ = {
			isa = XCBuildConfiguration;
			buildSettings = {
				ALWAYS_SEARCH_USER_PATHS = NO;
				CLANG_ANALYZER_NONNULL = YES;
				CLANG_ANALYZER_NUMBER_OBJECT_CONVERSION = YES_AGGRESSIVE;
				CLANG_CXX_LANGUAGE_STANDARD = "gnu++20";
				CLANG_ENABLE_MODULES = YES;
				CLANG_ENABLE_OBJC_ARC = YES;
				CLANG_ENABLE_OBJC_WEAK = YES;
				CLANG_WARN_BLOCK_CAPTURE_AUTORELEASING = YES;
				CLANG_WARN_BOOL_CONVERSION = YES;
				CLANG_WARN_COMMA = YES;
				CLANG_WARN_CONSTANT_CONVERSION = YES;
				CLANG_WARN_DEPRECATED_OBJC_IMPLEMENTATIONS = YES;
				CLANG_WARN_DIRECT_OBJC_ISA_USAGE = YES_ERROR;
				CLANG_WARN_DOCUMENTATION_COMMENTS = YES;
				CLANG_WARN_EMPTY_BODY = YES;
				CLANG_WARN_ENUM_CONVERSION = YES;
				CLANG_WARN_INFINITE_RECURSION = YES;
				CLANG_WARN_INT_CONVERSION = YES;
				CLANG_WARN_NON_LITERAL_NULL_CONVERSION = YES;
				CLANG_WARN_OBJC_IMPLICIT_RETAIN_SELF = YES;
				CLANG_WARN_OBJC_LITERAL_CONVERSION = YES;
				CLANG_WARN_OBJC_ROOT_CLASS = YES_ERROR;
				CLANG_WARN_QUOTED_INCLUDE_IN_FRAMEWORK_HEADER = YES;
				CLANG_WARN_RANGE_LOOP_ANALYSIS = YES;
				CLANG_WARN_STRICT_PROTOTYPES = YES;
				CLANG_WARN_SUSPICIOUS_MOVE = YES;
				CLANG_WARN_UNGUARDED_AVAILABILITY = YES_AGGRESSIVE;
				CLANG_WARN_UNREACHABLE_CODE = YES;
				CLANG_WARN__DUPLICATE_METHOD_MATCH = YES;
				COPY_PHASE_STRIP = NO;
				DEBUG_INFORMATION_FORMAT = dwarf;
				ENABLE_STRICT_OBJC_MSGSEND = YES;
				ENABLE_TESTABILITY = YES;
				GCC_C_LANGUAGE_STANDARD = gnu11;
				GCC_DYNAMIC_NO_PIC = NO;
				GCC_NO_COMMON_BLOCKS = YES;
				GCC_OPTIMIZATION_LEVEL = 0;
				GCC_PREPROCESSOR_DEFINITIONS = (
					"DEBUG=1",
					"$(inherited)",
				);
				GCC_WARN_64_TO_32_BIT_CONVERSION = YES;
				GCC_WARN_ABOUT_RETURN_TYPE = YES_ERROR;
				GCC_WARN_UNDECLARED_SELECTOR = YES;
				GCC_WARN_UNINITIALIZED_AUTOS = YES_AGGRESSIVE;
				GCC_WARN_UNUSED_FUNCTION = YES;
				GCC_WARN_UNUSED_VARIABLE = YES;
				IPHONEOS_DEPLOYMENT_TARGET = 16.2;
				MTL_ENABLE_DEBUG_INFO = INCLUDE_SOURCE;
				MTL_FAST_MATH = YES;
				ONLY_ACTIVE_ARCH = YES;
				SDKROOT = iphoneos;
				SWIFT_ACTIVE_COMPILATION_CONDITIONS = DEBUG;
				SWIFT_OPTIMIZATION_LEVEL = "-Onone";
			};
			name = Debug;
		};
		9A20AEB32A0D1584007F9888 /* Release */ = {
			isa = XCBuildConfiguration;
			buildSettings = {
				ALWAYS_SEARCH_USER_PATHS = NO;
				CLANG_ANALYZER_NONNULL = YES;
				CLANG_ANALYZER_NUMBER_OBJECT_CONVERSION = YES_AGGRESSIVE;
				CLANG_CXX_LANGUAGE_STANDARD = "gnu++20";
				CLANG_ENABLE_MODULES = YES;
				CLANG_ENABLE_OBJC_ARC = YES;
				CLANG_ENABLE_OBJC_WEAK = YES;
				CLANG_WARN_BLOCK_CAPTURE_AUTORELEASING = YES;
				CLANG_WARN_BOOL_CONVERSION = YES;
				CLANG_WARN_COMMA = YES;
				CLANG_WARN_CONSTANT_CONVERSION = YES;
				CLANG_WARN_DEPRECATED_OBJC_IMPLEMENTATIONS = YES;
				CLANG_WARN_DIRECT_OBJC_ISA_USAGE = YES_ERROR;
				CLANG_WARN_DOCUMENTATION_COMMENTS = YES;
				CLANG_WARN_EMPTY_BODY = YES;
				CLANG_WARN_ENUM_CONVERSION = YES;
				CLANG_WARN_INFINITE_RECURSION = YES;
				CLANG_WARN_INT_CONVERSION = YES;
				CLANG_WARN_NON_LITERAL_NULL_CONVERSION = YES;
				CLANG_WARN_OBJC_IMPLICIT_RETAIN_SELF = YES;
				CLANG_WARN_OBJC_LITERAL_CONVERSION = YES;
				CLANG_WARN_OBJC_ROOT_CLASS = YES_ERROR;
				CLANG_WARN_QUOTED_INCLUDE_IN_FRAMEWORK_HEADER = YES;
				CLANG_WARN_RANGE_LOOP_ANALYSIS = YES;
				CLANG_WARN_STRICT_PROTOTYPES = YES;
				CLANG_WARN_SUSPICIOUS_MOVE = YES;
				CLANG_WARN_UNGUARDED_AVAILABILITY = YES_AGGRESSIVE;
				CLANG_WARN_UNREACHABLE_CODE = YES;
				CLANG_WARN__DUPLICATE_METHOD_MATCH = YES;
				COPY_PHASE_STRIP = NO;
				DEBUG_INFORMATION_FORMAT = "dwarf-with-dsym";
				ENABLE_NS_ASSERTIONS = NO;
				ENABLE_STRICT_OBJC_MSGSEND = YES;
				GCC_C_LANGUAGE_STANDARD = gnu11;
				GCC_NO_COMMON_BLOCKS = YES;
				GCC_WARN_64_TO_32_BIT_CONVERSION = YES;
				GCC_WARN_ABOUT_RETURN_TYPE = YES_ERROR;
				GCC_WARN_UNDECLARED_SELECTOR = YES;
				GCC_WARN_UNINITIALIZED_AUTOS = YES_AGGRESSIVE;
				GCC_WARN_UNUSED_FUNCTION = YES;
				GCC_WARN_UNUSED_VARIABLE = YES;
				IPHONEOS_DEPLOYMENT_TARGET = 16.2;
				MTL_ENABLE_DEBUG_INFO = NO;
				MTL_FAST_MATH = YES;
				SDKROOT = iphoneos;
				SWIFT_COMPILATION_MODE = wholemodule;
				SWIFT_OPTIMIZATION_LEVEL = "-O";
				VALIDATE_PRODUCT = YES;
			};
			name = Release;
		};
		9A20AEB52A0D1584007F9888 /* Debug */ = {
			isa = XCBuildConfiguration;
			buildSettings = {
				ASSETCATALOG_COMPILER_APPICON_NAME = AppIcon;
				ASSETCATALOG_COMPILER_GLOBAL_ACCENT_COLOR_NAME = AccentColor;
				CODE_SIGN_STYLE = Automatic;
				CURRENT_PROJECT_VERSION = 1;
				DEVELOPMENT_ASSET_PATHS = "\"ColorPencilsApp/Preview Content\"";
				DEVELOPMENT_TEAM = 7FSGPFARH4;
				ENABLE_PREVIEWS = YES;
				GENERATE_INFOPLIST_FILE = YES;
				INFOPLIST_KEY_UIApplicationSceneManifest_Generation = YES;
				INFOPLIST_KEY_UIApplicationSupportsIndirectInputEvents = YES;
				INFOPLIST_KEY_UILaunchScreen_Generation = YES;
				INFOPLIST_KEY_UISupportedInterfaceOrientations_iPad = "UIInterfaceOrientationPortrait UIInterfaceOrientationPortraitUpsideDown UIInterfaceOrientationLandscapeLeft UIInterfaceOrientationLandscapeRight";
				INFOPLIST_KEY_UISupportedInterfaceOrientations_iPhone = "UIInterfaceOrientationPortrait UIInterfaceOrientationLandscapeLeft UIInterfaceOrientationLandscapeRight";
				LD_RUNPATH_SEARCH_PATHS = (
					"$(inherited)",
					"@executable_path/Frameworks",
				);
				MARKETING_VERSION = 1.0;
				PRODUCT_BUNDLE_IDENTIFIER = com.swdevnotes.ColorPencilsApp;
				PRODUCT_NAME = "$(TARGET_NAME)";
				SWIFT_EMIT_LOC_STRINGS = YES;
				SWIFT_VERSION = 5.0;
				TARGETED_DEVICE_FAMILY = "1,2";
			};
			name = Debug;
		};
		9A20AEB62A0D1584007F9888 /* Release */ = {
			isa = XCBuildConfiguration;
			buildSettings = {
				ASSETCATALOG_COMPILER_APPICON_NAME = AppIcon;
				ASSETCATALOG_COMPILER_GLOBAL_ACCENT_COLOR_NAME = AccentColor;
				CODE_SIGN_STYLE = Automatic;
				CURRENT_PROJECT_VERSION = 1;
				DEVELOPMENT_ASSET_PATHS = "\"ColorPencilsApp/Preview Content\"";
				DEVELOPMENT_TEAM = 7FSGPFARH4;
				ENABLE_PREVIEWS = YES;
				GENERATE_INFOPLIST_FILE = YES;
				INFOPLIST_KEY_UIApplicationSceneManifest_Generation = YES;
				INFOPLIST_KEY_UIApplicationSupportsIndirectInputEvents = YES;
				INFOPLIST_KEY_UILaunchScreen_Generation = YES;
				INFOPLIST_KEY_UISupportedInterfaceOrientations_iPad = "UIInterfaceOrientationPortrait UIInterfaceOrientationPortraitUpsideDown UIInterfaceOrientationLandscapeLeft UIInterfaceOrientationLandscapeRight";
				INFOPLIST_KEY_UISupportedInterfaceOrientations_iPhone = "UIInterfaceOrientationPortrait UIInterfaceOrientationLandscapeLeft UIInterfaceOrientationLandscapeRight";
				LD_RUNPATH_SEARCH_PATHS = (
					"$(inherited)",
					"@executable_path/Frameworks",
				);
				MARKETING_VERSION = 1.0;
				PRODUCT_BUNDLE_IDENTIFIER = com.swdevnotes.ColorPencilsApp;
				PRODUCT_NAME = "$(TARGET_NAME)";
				SWIFT_EMIT_LOC_STRINGS = YES;
				SWIFT_VERSION = 5.0;
				TARGETED_DEVICE_FAMILY = "1,2";
			};
			name = Release;
		};
/* End XCBuildConfiguration section */

/* Begin XCConfigurationList section */
		9A20AEA12A0D1583007F9888 /* Build configuration list for PBXProject "ColorPencilsApp" */ = {
			isa = XCConfigurationList;
			buildConfigurations = (
				9A20AEB22A0D1584007F9888 /* Debug */,
				9A20AEB32A0D1584007F9888 /* Release */,
			);
			defaultConfigurationIsVisible = 0;
			defaultConfigurationName = Release;
		};
		9A20AEB42A0D1584007F9888 /* Build configuration list for PBXNativeTarget "ColorPencilsApp" */ = {
			isa = XCConfigurationList;
			buildConfigurations = (
				9A20AEB52A0D1584007F9888 /* Debug */,
				9A20AEB62A0D1584007F9888 /* Release */,
			);
			defaultConfigurationIsVisible = 0;
			defaultConfigurationName = Release;
		};
/* End XCConfigurationList section */
	};
	rootObject = 9A20AE9E2A0D1583007F9888 /* Project object */;
}
