// !$*UTF8*$!
{
	archiveVersion = 1;
	classes = {
	};
	objectVersion = 56;
	objects = {

/* Begin PBXBuildFile section */
		9A0C90E5297BFF6A0051DE9B /* SynchronousView.swift in Sources */ = {isa = PBXBuildFile; fileRef = 9A0C90E4297BFF6A0051DE9B /* SynchronousView.swift */; };
		9A0C90E7297BFF840051DE9B /* AsynchronousView.swift in Sources */ = {isa = PBXBuildFile; fileRef = 9A0C90E6297BFF840051DE9B /* AsynchronousView.swift */; };
		9A0C90EC297BFF8B0051DE9B /* ButtonView.swift in Sources */ = {isa = PBXBuildFile; fileRef = 9A0C90E9297BFF8B0051DE9B /* ButtonView.swift */; };
		9A0C90ED297BFF8B0051DE9B /* TitleView.swift in Sources */ = {isa = PBXBuildFile; fileRef = 9A0C90E8297BFF8B0051DE9B /* TitleView.swift */; };
		9A0C90EE297BFF8B0051DE9B /* ParallelView.swift in Sources */ = {isa = PBXBuildFile; fileRef = 9A0C90EA297BFF8B0051DE9B /* ParallelView.swift */; };
		9A0C90EF297BFF8B0051DE9B /* SequentialView.swift in Sources */ = {isa = PBXBuildFile; fileRef = 9A0C90EB297BFF8B0051DE9B /* SequentialView.swift */; };
		9A0C90F6297BFF920051DE9B /* DataFileViewModel4.swift in Sources */ = {isa = PBXBuildFile; fileRef = 9A0C90F3297BFF920051DE9B /* DataFileViewModel4.swift */; };
		9A0C90F7297BFF920051DE9B /* DataFileViewModel.swift in Sources */ = {isa = PBXBuildFile; fileRef = 9A0C90F5297BFF920051DE9B /* DataFileViewModel.swift */; };
		9A0C90F8297BFF920051DE9B /* DataFileViewModel2.swift in Sources */ = {isa = PBXBuildFile; fileRef = 9A0C90F4297BFF920051DE9B /* DataFileViewModel2.swift */; };
		9A0C90F9297BFF920051DE9B /* DataFileViewModel3.swift in Sources */ = {isa = PBXBuildFile; fileRef = 9A0C90F2297BFF920051DE9B /* DataFileViewModel3.swift */; };
		9A0C90FD297C00380051DE9B /* DataFile.swift in Sources */ = {isa = PBXBuildFile; fileRef = 9A0C90FC297C00380051DE9B /* DataFile.swift */; };
		9A5D99A7297BFD9B00D9DC04 /* MainView.swift in Sources */ = {isa = PBXBuildFile; fileRef = 9A5D99A6297BFD9B00D9DC04 /* MainView.swift */; };
		9A685D4829870919002CA461 /* DataFileViewModel8.swift in Sources */ = {isa = PBXBuildFile; fileRef = 9A685D4729870919002CA461 /* DataFileViewModel8.swift */; };
		9A716B78297D20950094851C /* NaiveCancelView.swift in Sources */ = {isa = PBXBuildFile; fileRef = 9A716B77297D20950094851C /* NaiveCancelView.swift */; };
		9A716B7A297D22340094851C /* CancelFlagView.swift in Sources */ = {isa = PBXBuildFile; fileRef = 9A716B79297D22340094851C /* CancelFlagView.swift */; };
		9A716B7C297D22420094851C /* CancelTaskView.swift in Sources */ = {isa = PBXBuildFile; fileRef = 9A716B7B297D22420094851C /* CancelTaskView.swift */; };
		9A716B7F297D594E0094851C /* DataFileViewModel5.swift in Sources */ = {isa = PBXBuildFile; fileRef = 9A716B7E297D594E0094851C /* DataFileViewModel5.swift */; };
		9A716B81297D595D0094851C /* DataFileViewModel6.swift in Sources */ = {isa = PBXBuildFile; fileRef = 9A716B80297D595D0094851C /* DataFileViewModel6.swift */; };
		9A716B83297D59650094851C /* DataFileViewMode7.swift in Sources */ = {isa = PBXBuildFile; fileRef = 9A716B82297D59650094851C /* DataFileViewMode7.swift */; };
		9A716B85297F130E0094851C /* CancelTaskMultipleView.swift in Sources */ = {isa = PBXBuildFile; fileRef = 9A716B84297F130E0094851C /* CancelTaskMultipleView.swift */; };
		9AAF83E0296EE96A00E92C1C /* AsyncLetAppApp.swift in Sources */ = {isa = PBXBuildFile; fileRef = 9AAF83DF296EE96A00E92C1C /* AsyncLetAppApp.swift */; };
		9AAF83E4296EE96B00E92C1C /* Assets.xcassets in Resources */ = {isa = PBXBuildFile; fileRef = 9AAF83E3296EE96B00E92C1C /* Assets.xcassets */; };
		9AAF83E7296EE96B00E92C1C /* Preview Assets.xcassets in Resources */ = {isa = PBXBuildFile; fileRef = 9AAF83E6296EE96B00E92C1C /* Preview Assets.xcassets */; };
/* End PBXBuildFile section */

/* Begin PBXFileReference section */
		9A0C90E4297BFF6A0051DE9B /* SynchronousView.swift */ = {isa = PBXFileReference; lastKnownFileType = sourcecode.swift; path = SynchronousView.swift; sourceTree = "<group>"; };
		9A0C90E6297BFF840051DE9B /* AsynchronousView.swift */ = {isa = PBXFileReference; lastKnownFileType = sourcecode.swift; path = AsynchronousView.swift; sourceTree = "<group>"; };
		9A0C90E8297BFF8B0051DE9B /* TitleView.swift */ = {isa = PBXFileReference; lastKnownFileType = sourcecode.swift; path = TitleView.swift; sourceTree = "<group>"; };
		9A0C90E9297BFF8B0051DE9B /* ButtonView.swift */ = {isa = PBXFileReference; lastKnownFileType = sourcecode.swift; path = ButtonView.swift; sourceTree = "<group>"; };
		9A0C90EA297BFF8B0051DE9B /* ParallelView.swift */ = {isa = PBXFileReference; lastKnownFileType = sourcecode.swift; path = ParallelView.swift; sourceTree = "<group>"; };
		9A0C90EB297BFF8B0051DE9B /* SequentialView.swift */ = {isa = PBXFileReference; lastKnownFileType = sourcecode.swift; path = SequentialView.swift; sourceTree = "<group>"; };
		9A0C90F2297BFF920051DE9B /* DataFileViewModel3.swift */ = {isa = PBXFileReference; lastKnownFileType = sourcecode.swift; path = DataFileViewModel3.swift; sourceTree = "<group>"; };
		9A0C90F3297BFF920051DE9B /* DataFileViewModel4.swift */ = {isa = PBXFileReference; lastKnownFileType = sourcecode.swift; path = DataFileViewModel4.swift; sourceTree = "<group>"; };
		9A0C90F4297BFF920051DE9B /* DataFileViewModel2.swift */ = {isa = PBXFileReference; lastKnownFileType = sourcecode.swift; path = DataFileViewModel2.swift; sourceTree = "<group>"; };
		9A0C90F5297BFF920051DE9B /* DataFileViewModel.swift */ = {isa = PBXFileReference; lastKnownFileType = sourcecode.swift; path = DataFileViewModel.swift; sourceTree = "<group>"; };
		9A0C90FC297C00380051DE9B /* DataFile.swift */ = {isa = PBXFileReference; lastKnownFileType = sourcecode.swift; path = DataFile.swift; sourceTree = "<group>"; };
		9A5D99A6297BFD9B00D9DC04 /* MainView.swift */ = {isa = PBXFileReference; lastKnownFileType = sourcecode.swift; path = MainView.swift; sourceTree = "<group>"; };
		9A685D4729870919002CA461 /* DataFileViewModel8.swift */ = {isa = PBXFileReference; lastKnownFileType = sourcecode.swift; path = DataFileViewModel8.swift; sourceTree = "<group>"; };
		9A716B77297D20950094851C /* NaiveCancelView.swift */ = {isa = PBXFileReference; lastKnownFileType = sourcecode.swift; path = NaiveCancelView.swift; sourceTree = "<group>"; };
		9A716B79297D22340094851C /* CancelFlagView.swift */ = {isa = PBXFileReference; lastKnownFileType = sourcecode.swift; path = CancelFlagView.swift; sourceTree = "<group>"; };
		9A716B7B297D22420094851C /* CancelTaskView.swift */ = {isa = PBXFileReference; lastKnownFileType = sourcecode.swift; path = CancelTaskView.swift; sourceTree = "<group>"; };
		9A716B7E297D594E0094851C /* DataFileViewModel5.swift */ = {isa = PBXFileReference; lastKnownFileType = sourcecode.swift; path = DataFileViewModel5.swift; sourceTree = "<group>"; };
		9A716B80297D595D0094851C /* DataFileViewModel6.swift */ = {isa = PBXFileReference; lastKnownFileType = sourcecode.swift; path = DataFileViewModel6.swift; sourceTree = "<group>"; };
		9A716B82297D59650094851C /* DataFileViewMode7.swift */ = {isa = PBXFileReference; lastKnownFileType = sourcecode.swift; path = DataFileViewMode7.swift; sourceTree = "<group>"; };
		9A716B84297F130E0094851C /* CancelTaskMultipleView.swift */ = {isa = PBXFileReference; lastKnownFileType = sourcecode.swift; path = CancelTaskMultipleView.swift; sourceTree = "<group>"; };
		9AAF83DC296EE96A00E92C1C /* AsyncLetApp.app */ = {isa = PBXFileReference; explicitFileType = wrapper.application; includeInIndex = 0; path = AsyncLetApp.app; sourceTree = BUILT_PRODUCTS_DIR; };
		9AAF83DF296EE96A00E92C1C /* AsyncLetAppApp.swift */ = {isa = PBXFileReference; lastKnownFileType = sourcecode.swift; path = AsyncLetAppApp.swift; sourceTree = "<group>"; };
		9AAF83E3296EE96B00E92C1C /* Assets.xcassets */ = {isa = PBXFileReference; lastKnownFileType = folder.assetcatalog; path = Assets.xcassets; sourceTree = "<group>"; };
		9AAF83E6296EE96B00E92C1C /* Preview Assets.xcassets */ = {isa = PBXFileReference; lastKnownFileType = folder.assetcatalog; path = "Preview Assets.xcassets"; sourceTree = "<group>"; };
/* End PBXFileReference section */

/* Begin PBXFrameworksBuildPhase section */
		9AAF83D9296EE96A00E92C1C /* Frameworks */ = {
			isa = PBXFrameworksBuildPhase;
			buildActionMask = 2147483647;
			files = (
			);
			runOnlyForDeploymentPostprocessing = 0;
		};
/* End PBXFrameworksBuildPhase section */

/* Begin PBXGroup section */
		9A0C90FE297C00520051DE9B /* models */ = {
			isa = PBXGroup;
			children = (
				9A0C90FC297C00380051DE9B /* DataFile.swift */,
			);
			path = models;
			sourceTree = "<group>";
		};
		9A0C90FF297C00800051DE9B /* viewModels */ = {
			isa = PBXGroup;
			children = (
				9A0C90F5297BFF920051DE9B /* DataFileViewModel.swift */,
				9A0C90F4297BFF920051DE9B /* DataFileViewModel2.swift */,
				9A0C90F2297BFF920051DE9B /* DataFileViewModel3.swift */,
				9A0C90F3297BFF920051DE9B /* DataFileViewModel4.swift */,
			);
			path = viewModels;
			sourceTree = "<group>";
		};
		9A0C9100297C00C10051DE9B /* views */ = {
			isa = PBXGroup;
			children = (
				9A0C90E4297BFF6A0051DE9B /* SynchronousView.swift */,
				9A0C90E6297BFF840051DE9B /* AsynchronousView.swift */,
				9A0C90EB297BFF8B0051DE9B /* SequentialView.swift */,
				9A0C90EA297BFF8B0051DE9B /* ParallelView.swift */,
				9A0C90E9297BFF8B0051DE9B /* ButtonView.swift */,
				9A0C90E8297BFF8B0051DE9B /* TitleView.swift */,
			);
			path = views;
			sourceTree = "<group>";
		};
		9A0C9101297C010B0051DE9B /* version1 */ = {
			isa = PBXGroup;
			children = (
				9A0C9100297C00C10051DE9B /* views */,
				9A0C90FF297C00800051DE9B /* viewModels */,
				9A0C90FE297C00520051DE9B /* models */,
			);
			path = version1;
			sourceTree = "<group>";
		};
		9A716B75297D20430094851C /* version2 */ = {
			isa = PBXGroup;
			children = (
				9A716B76297D206C0094851C /* views */,
				9A716B7D297D59290094851C /* viewModels */,
			);
			path = version2;
			sourceTree = "<group>";
		};
		9A716B76297D206C0094851C /* views */ = {
			isa = PBXGroup;
			children = (
				9A716B77297D20950094851C /* NaiveCancelView.swift */,
				9A716B79297D22340094851C /* CancelFlagView.swift */,
				9A716B7B297D22420094851C /* CancelTaskView.swift */,
				9A716B84297F130E0094851C /* CancelTaskMultipleView.swift */,
			);
			path = views;
			sourceTree = "<group>";
		};
		9A716B7D297D59290094851C /* viewModels */ = {
			isa = PBXGroup;
			children = (
				9A716B7E297D594E0094851C /* DataFileViewModel5.swift */,
				9A716B80297D595D0094851C /* DataFileViewModel6.swift */,
				9A716B82297D59650094851C /* DataFileViewMode7.swift */,
				9A685D4729870919002CA461 /* DataFileViewModel8.swift */,
			);
			path = viewModels;
			sourceTree = "<group>";
		};
		9AAF83D3296EE96A00E92C1C = {
			isa = PBXGroup;
			children = (
				9AAF83DE296EE96A00E92C1C /* AsyncLetApp */,
				9AAF83DD296EE96A00E92C1C /* Products */,
			);
			sourceTree = "<group>";
		};
		9AAF83DD296EE96A00E92C1C /* Products */ = {
			isa = PBXGroup;
			children = (
				9AAF83DC296EE96A00E92C1C /* AsyncLetApp.app */,
			);
			name = Products;
			sourceTree = "<group>";
		};
		9AAF83DE296EE96A00E92C1C /* AsyncLetApp */ = {
			isa = PBXGroup;
			children = (
				9AAF83DF296EE96A00E92C1C /* AsyncLetAppApp.swift */,
				9A5D99A6297BFD9B00D9DC04 /* MainView.swift */,
				9A0C9101297C010B0051DE9B /* version1 */,
				9A716B75297D20430094851C /* version2 */,
				9AAF83E3296EE96B00E92C1C /* Assets.xcassets */,
				9AAF83E5296EE96B00E92C1C /* Preview Content */,
			);
			path = AsyncLetApp;
			sourceTree = "<group>";
		};
		9AAF83E5296EE96B00E92C1C /* Preview Content */ = {
			isa = PBXGroup;
			children = (
				9AAF83E6296EE96B00E92C1C /* Preview Assets.xcassets */,
			);
			path = "Preview Content";
			sourceTree = "<group>";
		};
/* End PBXGroup section */

/* Begin PBXNativeTarget section */
		9AAF83DB296EE96A00E92C1C /* AsyncLetApp */ = {
			isa = PBXNativeTarget;
			buildConfigurationList = 9AAF83EA296EE96B00E92C1C /* Build configuration list for PBXNativeTarget "AsyncLetApp" */;
			buildPhases = (
				9AAF83D8296EE96A00E92C1C /* Sources */,
				9AAF83D9296EE96A00E92C1C /* Frameworks */,
				9AAF83DA296EE96A00E92C1C /* Resources */,
			);
			buildRules = (
			);
			dependencies = (
			);
			name = AsyncLetApp;
			productName = AsyncLetApp;
			productReference = 9AAF83DC296EE96A00E92C1C /* AsyncLetApp.app */;
			productType = "com.apple.product-type.application";
		};
/* End PBXNativeTarget section */

/* Begin PBXProject section */
		9AAF83D4296EE96A00E92C1C /* Project object */ = {
			isa = PBXProject;
			attributes = {
				BuildIndependentTargetsInParallel = 1;
				LastSwiftUpdateCheck = 1420;
				LastUpgradeCheck = 1420;
				TargetAttributes = {
					9AAF83DB296EE96A00E92C1C = {
						CreatedOnToolsVersion = 14.2;
					};
				};
			};
			buildConfigurationList = 9AAF83D7296EE96A00E92C1C /* Build configuration list for PBXProject "AsyncLetApp" */;
			compatibilityVersion = "Xcode 14.0";
			developmentRegion = en;
			hasScannedForEncodings = 0;
			knownRegions = (
				en,
				Base,
			);
			mainGroup = 9AAF83D3296EE96A00E92C1C;
			productRefGroup = 9AAF83DD296EE96A00E92C1C /* Products */;
			projectDirPath = "";
			projectRoot = "";
			targets = (
				9AAF83DB296EE96A00E92C1C /* AsyncLetApp */,
			);
		};
/* End PBXProject section */

/* Begin PBXResourcesBuildPhase section */
		9AAF83DA296EE96A00E92C1C /* Resources */ = {
			isa = PBXResourcesBuildPhase;
			buildActionMask = 2147483647;
			files = (
				9AAF83E7296EE96B00E92C1C /* Preview Assets.xcassets in Resources */,
				9AAF83E4296EE96B00E92C1C /* Assets.xcassets in Resources */,
			);
			runOnlyForDeploymentPostprocessing = 0;
		};
/* End PBXResourcesBuildPhase section */

/* Begin PBXSourcesBuildPhase section */
		9AAF83D8296EE96A00E92C1C /* Sources */ = {
			isa = PBXSourcesBuildPhase;
			buildActionMask = 2147483647;
			files = (
				9A0C90E7297BFF840051DE9B /* AsynchronousView.swift in Sources */,
				9A0C90F6297BFF920051DE9B /* DataFileViewModel4.swift in Sources */,
				9A0C90F7297BFF920051DE9B /* DataFileViewModel.swift in Sources */,
				9A685D4829870919002CA461 /* DataFileViewModel8.swift in Sources */,
				9A0C90E5297BFF6A0051DE9B /* SynchronousView.swift in Sources */,
				9A0C90EC297BFF8B0051DE9B /* ButtonView.swift in Sources */,
				9AAF83E0296EE96A00E92C1C /* AsyncLetAppApp.swift in Sources */,
				9A716B85297F130E0094851C /* CancelTaskMultipleView.swift in Sources */,
				9A0C90F8297BFF920051DE9B /* DataFileViewModel2.swift in Sources */,
				9A0C90F9297BFF920051DE9B /* DataFileViewModel3.swift in Sources */,
				9A5D99A7297BFD9B00D9DC04 /* MainView.swift in Sources */,
				9A716B7C297D22420094851C /* CancelTaskView.swift in Sources */,
				9A716B7F297D594E0094851C /* DataFileViewModel5.swift in Sources */,
				9A716B83297D59650094851C /* DataFileViewMode7.swift in Sources */,
				9A0C90EF297BFF8B0051DE9B /* SequentialView.swift in Sources */,
				9A0C90FD297C00380051DE9B /* DataFile.swift in Sources */,
				9A716B7A297D22340094851C /* CancelFlagView.swift in Sources */,
				9A716B78297D20950094851C /* NaiveCancelView.swift in Sources */,
				9A0C90EE297BFF8B0051DE9B /* ParallelView.swift in Sources */,
				9A0C90ED297BFF8B0051DE9B /* TitleView.swift in Sources */,
				9A716B81297D595D0094851C /* DataFileViewModel6.swift in Sources */,
			);
			runOnlyForDeploymentPostprocessing = 0;
		};
/* End PBXSourcesBuildPhase section */

/* Begin XCBuildConfiguration section */
		9AAF83E8296EE96B00E92C1C /* Debug */ = {
			isa = XCBuildConfiguration;
			buildSettings = {
				ALWAYS_SEARCH_USER_PATHS = NO;
				CLANG_ANALYZER_NONNULL = YES;
				CLANG_ANALYZER_NUMBER_OBJECT_CONVERSION = YES_AGGRESSIVE;
				CLANG_CXX_LANGUAGE_STANDARD = "gnu++20";
				CLANG_ENABLE_MODULES = YES;
				CLANG_ENABLE_OBJC_ARC = YES;
				CLANG_ENABLE_OBJC_WEAK = YES;
				CLANG_WARN_BLOCK_CAPTURE_AUTORELEASING = YES;
				CLANG_WARN_BOOL_CONVERSION = YES;
				CLANG_WARN_COMMA = YES;
				CLANG_WARN_CONSTANT_CONVERSION = YES;
				CLANG_WARN_DEPRECATED_OBJC_IMPLEMENTATIONS = YES;
				CLANG_WARN_DIRECT_OBJC_ISA_USAGE = YES_ERROR;
				CLANG_WARN_DOCUMENTATION_COMMENTS = YES;
				CLANG_WARN_EMPTY_BODY = YES;
				CLANG_WARN_ENUM_CONVERSION = YES;
				CLANG_WARN_INFINITE_RECURSION = YES;
				CLANG_WARN_INT_CONVERSION = YES;
				CLANG_WARN_NON_LITERAL_NULL_CONVERSION = YES;
				CLANG_WARN_OBJC_IMPLICIT_RETAIN_SELF = YES;
				CLANG_WARN_OBJC_LITERAL_CONVERSION = YES;
				CLANG_WARN_OBJC_ROOT_CLASS = YES_ERROR;
				CLANG_WARN_QUOTED_INCLUDE_IN_FRAMEWORK_HEADER = YES;
				CLANG_WARN_RANGE_LOOP_ANALYSIS = YES;
				CLANG_WARN_STRICT_PROTOTYPES = YES;
				CLANG_WARN_SUSPICIOUS_MOVE = YES;
				CLANG_WARN_UNGUARDED_AVAILABILITY = YES_AGGRESSIVE;
				CLANG_WARN_UNREACHABLE_CODE = YES;
				CLANG_WARN__DUPLICATE_METHOD_MATCH = YES;
				COPY_PHASE_STRIP = NO;
				DEBUG_INFORMATION_FORMAT = dwarf;
				ENABLE_STRICT_OBJC_MSGSEND = YES;
				ENABLE_TESTABILITY = YES;
				GCC_C_LANGUAGE_STANDARD = gnu11;
				GCC_DYNAMIC_NO_PIC = NO;
				GCC_NO_COMMON_BLOCKS = YES;
				GCC_OPTIMIZATION_LEVEL = 0;
				GCC_PREPROCESSOR_DEFINITIONS = (
					"DEBUG=1",
					"$(inherited)",
				);
				GCC_WARN_64_TO_32_BIT_CONVERSION = YES;
				GCC_WARN_ABOUT_RETURN_TYPE = YES_ERROR;
				GCC_WARN_UNDECLARED_SELECTOR = YES;
				GCC_WARN_UNINITIALIZED_AUTOS = YES_AGGRESSIVE;
				GCC_WARN_UNUSED_FUNCTION = YES;
				GCC_WARN_UNUSED_VARIABLE = YES;
				IPHONEOS_DEPLOYMENT_TARGET = 16.2;
				MTL_ENABLE_DEBUG_INFO = INCLUDE_SOURCE;
				MTL_FAST_MATH = YES;
				ONLY_ACTIVE_ARCH = YES;
				SDKROOT = iphoneos;
				SWIFT_ACTIVE_COMPILATION_CONDITIONS = DEBUG;
				SWIFT_OPTIMIZATION_LEVEL = "-Onone";
			};
			name = Debug;
		};
		9AAF83E9296EE96B00E92C1C /* Release */ = {
			isa = XCBuildConfiguration;
			buildSettings = {
				ALWAYS_SEARCH_USER_PATHS = NO;
				CLANG_ANALYZER_NONNULL = YES;
				CLANG_ANALYZER_NUMBER_OBJECT_CONVERSION = YES_AGGRESSIVE;
				CLANG_CXX_LANGUAGE_STANDARD = "gnu++20";
				CLANG_ENABLE_MODULES = YES;
				CLANG_ENABLE_OBJC_ARC = YES;
				CLANG_ENABLE_OBJC_WEAK = YES;
				CLANG_WARN_BLOCK_CAPTURE_AUTORELEASING = YES;
				CLANG_WARN_BOOL_CONVERSION = YES;
				CLANG_WARN_COMMA = YES;
				CLANG_WARN_CONSTANT_CONVERSION = YES;
				CLANG_WARN_DEPRECATED_OBJC_IMPLEMENTATIONS = YES;
				CLANG_WARN_DIRECT_OBJC_ISA_USAGE = YES_ERROR;
				CLANG_WARN_DOCUMENTATION_COMMENTS = YES;
				CLANG_WARN_EMPTY_BODY = YES;
				CLANG_WARN_ENUM_CONVERSION = YES;
				CLANG_WARN_INFINITE_RECURSION = YES;
				CLANG_WARN_INT_CONVERSION = YES;
				CLANG_WARN_NON_LITERAL_NULL_CONVERSION = YES;
				CLANG_WARN_OBJC_IMPLICIT_RETAIN_SELF = YES;
				CLANG_WARN_OBJC_LITERAL_CONVERSION = YES;
				CLANG_WARN_OBJC_ROOT_CLASS = YES_ERROR;
				CLANG_WARN_QUOTED_INCLUDE_IN_FRAMEWORK_HEADER = YES;
				CLANG_WARN_RANGE_LOOP_ANALYSIS = YES;
				CLANG_WARN_STRICT_PROTOTYPES = YES;
				CLANG_WARN_SUSPICIOUS_MOVE = YES;
				CLANG_WARN_UNGUARDED_AVAILABILITY = YES_AGGRESSIVE;
				CLANG_WARN_UNREACHABLE_CODE = YES;
				CLANG_WARN__DUPLICATE_METHOD_MATCH = YES;
				COPY_PHASE_STRIP = NO;
				DEBUG_INFORMATION_FORMAT = "dwarf-with-dsym";
				ENABLE_NS_ASSERTIONS = NO;
				ENABLE_STRICT_OBJC_MSGSEND = YES;
				GCC_C_LANGUAGE_STANDARD = gnu11;
				GCC_NO_COMMON_BLOCKS = YES;
				GCC_WARN_64_TO_32_BIT_CONVERSION = YES;
				GCC_WARN_ABOUT_RETURN_TYPE = YES_ERROR;
				GCC_WARN_UNDECLARED_SELECTOR = YES;
				GCC_WARN_UNINITIALIZED_AUTOS = YES_AGGRESSIVE;
				GCC_WARN_UNUSED_FUNCTION = YES;
				GCC_WARN_UNUSED_VARIABLE = YES;
				IPHONEOS_DEPLOYMENT_TARGET = 16.2;
				MTL_ENABLE_DEBUG_INFO = NO;
				MTL_FAST_MATH = YES;
				SDKROOT = iphoneos;
				SWIFT_COMPILATION_MODE = wholemodule;
				SWIFT_OPTIMIZATION_LEVEL = "-O";
				VALIDATE_PRODUCT = YES;
			};
			name = Release;
		};
		9AAF83EB296EE96B00E92C1C /* Debug */ = {
			isa = XCBuildConfiguration;
			buildSettings = {
				ASSETCATALOG_COMPILER_APPICON_NAME = AppIcon;
				ASSETCATALOG_COMPILER_GLOBAL_ACCENT_COLOR_NAME = AccentColor;
				CODE_SIGN_STYLE = Automatic;
				CURRENT_PROJECT_VERSION = 1;
				DEVELOPMENT_ASSET_PATHS = "\"AsyncLetApp/Preview Content\"";
				DEVELOPMENT_TEAM = 7FSGPFARH4;
				ENABLE_PREVIEWS = YES;
				GENERATE_INFOPLIST_FILE = YES;
				INFOPLIST_KEY_UIApplicationSceneManifest_Generation = YES;
				INFOPLIST_KEY_UIApplicationSupportsIndirectInputEvents = YES;
				INFOPLIST_KEY_UILaunchScreen_Generation = YES;
				INFOPLIST_KEY_UISupportedInterfaceOrientations_iPad = "UIInterfaceOrientationPortrait UIInterfaceOrientationPortraitUpsideDown UIInterfaceOrientationLandscapeLeft UIInterfaceOrientationLandscapeRight";
				INFOPLIST_KEY_UISupportedInterfaceOrientations_iPhone = "UIInterfaceOrientationPortrait UIInterfaceOrientationLandscapeLeft UIInterfaceOrientationLandscapeRight";
				LD_RUNPATH_SEARCH_PATHS = (
					"$(inherited)",
					"@executable_path/Frameworks",
				);
				MARKETING_VERSION = 1.0;
				PRODUCT_BUNDLE_IDENTIFIER = com.swdevnotes.AsyncLetApp;
				PRODUCT_NAME = "$(TARGET_NAME)";
				SWIFT_EMIT_LOC_STRINGS = YES;
				SWIFT_VERSION = 5.0;
				TARGETED_DEVICE_FAMILY = "1,2";
			};
			name = Debug;
		};
		9AAF83EC296EE96B00E92C1C /* Release */ = {
			isa = XCBuildConfiguration;
			buildSettings = {
				ASSETCATALOG_COMPILER_APPICON_NAME = AppIcon;
				ASSETCATALOG_COMPILER_GLOBAL_ACCENT_COLOR_NAME = AccentColor;
				CODE_SIGN_STYLE = Automatic;
				CURRENT_PROJECT_VERSION = 1;
				DEVELOPMENT_ASSET_PATHS = "\"AsyncLetApp/Preview Content\"";
				DEVELOPMENT_TEAM = 7FSGPFARH4;
				ENABLE_PREVIEWS = YES;
				GENERATE_INFOPLIST_FILE = YES;
				INFOPLIST_KEY_UIApplicationSceneManifest_Generation = YES;
				INFOPLIST_KEY_UIApplicationSupportsIndirectInputEvents = YES;
				INFOPLIST_KEY_UILaunchScreen_Generation = YES;
				INFOPLIST_KEY_UISupportedInterfaceOrientations_iPad = "UIInterfaceOrientationPortrait UIInterfaceOrientationPortraitUpsideDown UIInterfaceOrientationLandscapeLeft UIInterfaceOrientationLandscapeRight";
				INFOPLIST_KEY_UISupportedInterfaceOrientations_iPhone = "UIInterfaceOrientationPortrait UIInterfaceOrientationLandscapeLeft UIInterfaceOrientationLandscapeRight";
				LD_RUNPATH_SEARCH_PATHS = (
					"$(inherited)",
					"@executable_path/Frameworks",
				);
				MARKETING_VERSION = 1.0;
				PRODUCT_BUNDLE_IDENTIFIER = com.swdevnotes.AsyncLetApp;
				PRODUCT_NAME = "$(TARGET_NAME)";
				SWIFT_EMIT_LOC_STRINGS = YES;
				SWIFT_VERSION = 5.0;
				TARGETED_DEVICE_FAMILY = "1,2";
			};
			name = Release;
		};
/* End XCBuildConfiguration section */

/* Begin XCConfigurationList section */
		9AAF83D7296EE96A00E92C1C /* Build configuration list for PBXProject "AsyncLetApp" */ = {
			isa = XCConfigurationList;
			buildConfigurations = (
				9AAF83E8296EE96B00E92C1C /* Debug */,
				9AAF83E9296EE96B00E92C1C /* Release */,
			);
			defaultConfigurationIsVisible = 0;
			defaultConfigurationName = Release;
		};
		9AAF83EA296EE96B00E92C1C /* Build configuration list for PBXNativeTarget "AsyncLetApp" */ = {
			isa = XCConfigurationList;
			buildConfigurations = (
				9AAF83EB296EE96B00E92C1C /* Debug */,
				9AAF83EC296EE96B00E92C1C /* Release */,
			);
			defaultConfigurationIsVisible = 0;
			defaultConfigurationName = Release;
		};
/* End XCConfigurationList section */
	};
	rootObject = 9AAF83D4296EE96A00E92C1C /* Project object */;
}
